
Microsoft Visual Studio Solution File, Format Version 12.00
# Visual Studio Version 17
VisualStudioVersion = 17.3.32811.315
MinimumVisualStudioVersion = 10.0.40219.1
Project("{9A19103F-16F7-4668-BE54-9A1E7A4F7556}") = "WebAula", "WebAula.csproj", "{4D5AC3C4-84D7-4841-80D9-AB47D362D521}"
EndProject
Global
	GlobalSection(SolutionConfigurationPlatforms) = preSolution
		Debug|Any CPU = Debug|Any CPU
		Release|Any CPU = Release|Any CPU
	EndGlobalSection
	GlobalSection(ProjectConfigurationPlatforms) = postSolution
		{4D5AC3C4-84D7-4841-80D9-AB47D362D521}.Debug|Any CPU.ActiveCfg = Debug|Any CPU
		{4D5AC3C4-84D7-4841-80D9-AB47D362D521}.Debug|Any CPU.Build.0 = Debug|Any CPU
		{4D5AC3C4-84D7-4841-80D9-AB47D362D521}.Release|Any CPU.ActiveCfg = Release|Any CPU
		{4D5AC3C4-84D7-4841-80D9-AB47D362D521}.Release|Any CPU.Build.0 = Release|Any CPU
	EndGlobalSection
	GlobalSection(SolutionProperties) = preSolution
		HideSolutionNode = FALSE
	EndGlobalSection
	GlobalSection(ExtensibilityGlobals) = postSolution
		SolutionGuid = {471A21CE-2544-4496-85D3-1D07DE2E7181}
	EndGlobalSection
EndGlobal
